
Microsoft Visual Studio Solution File, Format Version 12.00
# Visual Studio 15
Project("{FAE04EC0-301F-11D3-BF4B-00C04F79EFBC}") = "UnityEngine.TestRunner", "UnityEngine.TestRunner.csproj", "{6F7AE6D1-5A85-F3A2-819C-3914C90C9B6B}"
EndProject
Project("{FAE04EC0-301F-11D3-BF4B-00C04F79EFBC}") = "Unity.Timeline", "Unity.Timeline.csproj", "{D17F47F9-7426-6213-8290-C0FF33666F1C}"
EndProject
Project("{FAE04EC0-301F-11D3-BF4B-00C04F79EFBC}") = "UnityEngine.UI", "UnityEngine.UI.csproj", "{7FA333BF-AAC2-5B12-A253-F6833B650A30}"
EndProject
Project("{FAE04EC0-301F-11D3-BF4B-00C04F79EFBC}") = "Unity.TextMeshPro", "Unity.TextMeshPro.csproj", "{D7BC3DD8-B736-A185-219A-CCA89C9CE158}"
EndProject
Project("{FAE04EC0-301F-11D3-BF4B-00C04F79EFBC}") = "Assembly-CSharp", "Assembly-CSharp.csproj", "{D8FC70E4-453D-C8B6-6A72-6E3897B1FE43}"
EndProject
Project("{FAE04EC0-301F-11D3-BF4B-00C04F79EFBC}") = "UnityEditor.TestRunner", "UnityEditor.TestRunner.csproj", "{A05ECFF8-A406-844E-17D6-1D93DEE8EDFB}"
EndProject
Project("{FAE04EC0-301F-11D3-BF4B-00C04F79EFBC}") = "Unity.PlasticSCM.Editor", "Unity.PlasticSCM.Editor.csproj", "{56437E8E-7624-E533-BCFB-48FB87B09835}"
EndProject
Project("{FAE04EC0-301F-11D3-BF4B-00C04F79EFBC}") = "UnityEditor.UI", "UnityEditor.UI.csproj", "{3F9DDE01-93B8-E786-6740-46392A1E5F4E}"
EndProject
Project("{FAE04EC0-301F-11D3-BF4B-00C04F79EFBC}") = "Unity.Services.Core.Editor", "Unity.Services.Core.Editor.csproj", "{5AF92784-4F61-0D1F-8154-325202881E1A}"
EndProject
Project("{FAE04EC0-301F-11D3-BF4B-00C04F79EFBC}") = "Unity.Timeline.Editor", "Unity.Timeline.Editor.csproj", "{4D75C3C7-BE33-BDA6-32D6-BFFBBCBC9BAF}"
EndProject
Project("{FAE04EC0-301F-11D3-BF4B-00C04F79EFBC}") = "Unity.VisualStudio.Editor", "Unity.VisualStudio.Editor.csproj", "{A6407899-3F3F-B36E-136C-53B8C8D0C6D1}"
EndProject
Project("{FAE04EC0-301F-11D3-BF4B-00C04F79EFBC}") = "Unity.TextMeshPro.Editor", "Unity.TextMeshPro.Editor.csproj", "{348F8634-0CED-3CCC-49E3-DA0F73714746}"
EndProject
Project("{FAE04EC0-301F-11D3-BF4B-00C04F79EFBC}") = "Unity.CollabProxy.Editor", "Unity.CollabProxy.Editor.csproj", "{6B81D673-2F9A-5AFB-EDDF-D7F852252341}"
EndProject
Project("{FAE04EC0-301F-11D3-BF4B-00C04F79EFBC}") = "Unity.Rider.Editor", "Unity.Rider.Editor.csproj", "{E3AA69C9-F9CE-C13B-C412-96E6F89DF866}"
EndProject
Project("{FAE04EC0-301F-11D3-BF4B-00C04F79EFBC}") = "Unity.VSCode.Editor", "Unity.VSCode.Editor.csproj", "{BAD9702B-22AB-63F2-9F23-B20EA9E01E19}"
EndProject
Project("{FAE04EC0-301F-11D3-BF4B-00C04F79EFBC}") = "UnityEngine.TestRunner", "UnityEngine.TestRunner.Player.csproj", "{80762D3A-D963-8929-59BF-A9F7E9859250}"
EndProject
Project("{FAE04EC0-301F-11D3-BF4B-00C04F79EFBC}") = "Unity.Timeline", "Unity.Timeline.Player.csproj", "{6244A6F5-45FB-4FA6-8224-0153DD637819}"
EndProject
Project("{FAE04EC0-301F-11D3-BF4B-00C04F79EFBC}") = "UnityEngine.UI", "UnityEngine.UI.Player.csproj", "{ACEEEE77-892F-0B33-303B-AAA2B15EBD2B}"
EndProject
Project("{FAE04EC0-301F-11D3-BF4B-00C04F79EFBC}") = "Unity.TextMeshPro", "Unity.TextMeshPro.Player.csproj", "{834EB41C-F08F-3C86-5DFA-B210ED4781DF}"
EndProject
Project("{FAE04EC0-301F-11D3-BF4B-00C04F79EFBC}") = "Assembly-CSharp", "Assembly-CSharp.Player.csproj", "{E524AA82-1954-E747-5784-9D9BED839A31}"
EndProject
Global
	GlobalSection(SolutionConfigurationPlatforms) = preSolution
		Debug|Any CPU = Debug|Any CPU
		Release|Any CPU = Release|Any CPU
	EndGlobalSection
	GlobalSection(ProjectConfigurationPlatforms) = postSolution
		{6F7AE6D1-5A85-F3A2-819C-3914C90C9B6B}.Debug|Any CPU.ActiveCfg = Debug|Any CPU
		{6F7AE6D1-5A85-F3A2-819C-3914C90C9B6B}.Debug|Any CPU.Build.0 = Debug|Any CPU
		{6F7AE6D1-5A85-F3A2-819C-3914C90C9B6B}.Release|Any CPU.ActiveCfg = Release|Any CPU
		{6F7AE6D1-5A85-F3A2-819C-3914C90C9B6B}.Release|Any CPU.Build.0 = Release|Any CPU
		{D17F47F9-7426-6213-8290-C0FF33666F1C}.Debug|Any CPU.ActiveCfg = Debug|Any CPU
		{D17F47F9-7426-6213-8290-C0FF33666F1C}.Debug|Any CPU.Build.0 = Debug|Any CPU
		{D17F47F9-7426-6213-8290-C0FF33666F1C}.Release|Any CPU.ActiveCfg = Release|Any CPU
		{D17F47F9-7426-6213-8290-C0FF33666F1C}.Release|Any CPU.Build.0 = Release|Any CPU
		{7FA333BF-AAC2-5B12-A253-F6833B650A30}.Debug|Any CPU.ActiveCfg = Debug|Any CPU
		{7FA333BF-AAC2-5B12-A253-F6833B650A30}.Debug|Any CPU.Build.0 = Debug|Any CPU
		{7FA333BF-AAC2-5B12-A253-F6833B650A30}.Release|Any CPU.ActiveCfg = Release|Any CPU
		{7FA333BF-AAC2-5B12-A253-F6833B650A30}.Release|Any CPU.Build.0 = Release|Any CPU
		{D7BC3DD8-B736-A185-219A-CCA89C9CE158}.Debug|Any CPU.ActiveCfg = Debug|Any CPU
		{D7BC3DD8-B736-A185-219A-CCA89C9CE158}.Debug|Any CPU.Build.0 = Debug|Any CPU
		{D7BC3DD8-B736-A185-219A-CCA89C9CE158}.Release|Any CPU.ActiveCfg = Release|Any CPU
		{D7BC3DD8-B736-A185-219A-CCA89C9CE158}.Release|Any CPU.Build.0 = Release|Any CPU
		{D8FC70E4-453D-C8B6-6A72-6E3897B1FE43}.Debug|Any CPU.ActiveCfg = Debug|Any CPU
		{D8FC70E4-453D-C8B6-6A72-6E3897B1FE43}.Debug|Any CPU.Build.0 = Debug|Any CPU
		{D8FC70E4-453D-C8B6-6A72-6E3897B1FE43}.Release|Any CPU.ActiveCfg = Release|Any CPU
		{D8FC70E4-453D-C8B6-6A72-6E3897B1FE43}.Release|Any CPU.Build.0 = Release|Any CPU
		{A05ECFF8-A406-844E-17D6-1D93DEE8EDFB}.Debug|Any CPU.ActiveCfg = Debug|Any CPU
		{A05ECFF8-A406-844E-17D6-1D93DEE8EDFB}.Debug|Any CPU.Build.0 = Debug|Any CPU
		{A05ECFF8-A406-844E-17D6-1D93DEE8EDFB}.Release|Any CPU.ActiveCfg = Release|Any CPU
		{A05ECFF8-A406-844E-17D6-1D93DEE8EDFB}.Release|Any CPU.Build.0 = Release|Any CPU
		{56437E8E-7624-E533-BCFB-48FB87B09835}.Debug|Any CPU.ActiveCfg = Debug|Any CPU
		{56437E8E-7624-E533-BCFB-48FB87B09835}.Debug|Any CPU.Build.0 = Debug|Any CPU
		{56437E8E-7624-E533-BCFB-48FB87B09835}.Release|Any CPU.ActiveCfg = Release|Any CPU
		{56437E8E-7624-E533-BCFB-48FB87B09835}.Release|Any CPU.Build.0 = Release|Any CPU
		{3F9DDE01-93B8-E786-6740-46392A1E5F4E}.Debug|Any CPU.ActiveCfg = Debug|Any CPU
		{3F9DDE01-93B8-E786-6740-46392A1E5F4E}.Debug|Any CPU.Build.0 = Debug|Any CPU
		{3F9DDE01-93B8-E786-6740-46392A1E5F4E}.Release|Any CPU.ActiveCfg = Release|Any CPU
		{3F9DDE01-93B8-E786-6740-46392A1E5F4E}.Release|Any CPU.Build.0 = Release|Any CPU
		{5AF92784-4F61-0D1F-8154-325202881E1A}.Debug|Any CPU.ActiveCfg = Debug|Any CPU
		{5AF92784-4F61-0D1F-8154-325202881E1A}.Debug|Any CPU.Build.0 = Debug|Any CPU
		{5AF92784-4F61-0D1F-8154-325202881E1A}.Release|Any CPU.ActiveCfg = Release|Any CPU
		{5AF92784-4F61-0D1F-8154-325202881E1A}.Release|Any CPU.Build.0 = Release|Any CPU
		{4D75C3C7-BE33-BDA6-32D6-BFFBBCBC9BAF}.Debug|Any CPU.ActiveCfg = Debug|Any CPU
		{4D75C3C7-BE33-BDA6-32D6-BFFBBCBC9BAF}.Debug|Any CPU.Build.0 = Debug|Any CPU
		{4D75C3C7-BE33-BDA6-32D6-BFFBBCBC9BAF}.Release|Any CPU.ActiveCfg = Release|Any CPU
		{4D75C3C7-BE33-BDA6-32D6-BFFBBCBC9BAF}.Release|Any CPU.Build.0 = Release|Any CPU
		{A6407899-3F3F-B36E-136C-53B8C8D0C6D1}.Debug|Any CPU.ActiveCfg = Debug|Any CPU
		{A6407899-3F3F-B36E-136C-53B8C8D0C6D1}.Debug|Any CPU.Build.0 = Debug|Any CPU
		{A6407899-3F3F-B36E-136C-53B8C8D0C6D1}.Release|Any CPU.ActiveCfg = Release|Any CPU
		{A6407899-3F3F-B36E-136C-53B8C8D0C6D1}.Release|Any CPU.Build.0 = Release|Any CPU
		{348F8634-0CED-3CCC-49E3-DA0F73714746}.Debug|Any CPU.ActiveCfg = Debug|Any CPU
		{348F8634-0CED-3CCC-49E3-DA0F73714746}.Debug|Any CPU.Build.0 = Debug|Any CPU
		{348F8634-0CED-3CCC-49E3-DA0F73714746}.Release|Any CPU.ActiveCfg = Release|Any CPU
		{348F8634-0CED-3CCC-49E3-DA0F73714746}.Release|Any CPU.Build.0 = Release|Any CPU
		{6B81D673-2F9A-5AFB-EDDF-D7F852252341}.Debug|Any CPU.ActiveCfg = Debug|Any CPU
		{6B81D673-2F9A-5AFB-EDDF-D7F852252341}.Debug|Any CPU.Build.0 = Debug|Any CPU
		{6B81D673-2F9A-5AFB-EDDF-D7F852252341}.Release|Any CPU.ActiveCfg = Release|Any CPU
		{6B81D673-2F9A-5AFB-EDDF-D7F852252341}.Release|Any CPU.Build.0 = Release|Any CPU
		{E3AA69C9-F9CE-C13B-C412-96E6F89DF866}.Debug|Any CPU.ActiveCfg = Debug|Any CPU
		{E3AA69C9-F9CE-C13B-C412-96E6F89DF866}.Debug|Any CPU.Build.0 = Debug|Any CPU
		{E3AA69C9-F9CE-C13B-C412-96E6F89DF866}.Release|Any CPU.ActiveCfg = Release|Any CPU
		{E3AA69C9-F9CE-C13B-C412-96E6F89DF866}.Release|Any CPU.Build.0 = Release|Any CPU
		{BAD9702B-22AB-63F2-9F23-B20EA9E01E19}.Debug|Any CPU.ActiveCfg = Debug|Any CPU
		{BAD9702B-22AB-63F2-9F23-B20EA9E01E19}.Debug|Any CPU.Build.0 = Debug|Any CPU
		{BAD9702B-22AB-63F2-9F23-B20EA9E01E19}.Release|Any CPU.ActiveCfg = Release|Any CPU
		{BAD9702B-22AB-63F2-9F23-B20EA9E01E19}.Release|Any CPU.Build.0 = Release|Any CPU
		{80762D3A-D963-8929-59BF-A9F7E9859250}.Debug|Any CPU.ActiveCfg = Debug|Any CPU
		{80762D3A-D963-8929-59BF-A9F7E9859250}.Debug|Any CPU.Build.0 = Debug|Any CPU
		{80762D3A-D963-8929-59BF-A9F7E9859250}.Release|Any CPU.ActiveCfg = Release|Any CPU
		{80762D3A-D963-8929-59BF-A9F7E9859250}.Release|Any CPU.Build.0 = Release|Any CPU
		{6244A6F5-45FB-4FA6-8224-0153DD637819}.Debug|Any CPU.ActiveCfg = Debug|Any CPU
		{6244A6F5-45FB-4FA6-8224-0153DD637819}.Debug|Any CPU.Build.0 = Debug|Any CPU
		{6244A6F5-45FB-4FA6-8224-0153DD637819}.Release|Any CPU.ActiveCfg = Release|Any CPU
		{6244A6F5-45FB-4FA6-8224-0153DD637819}.Release|Any CPU.Build.0 = Release|Any CPU
		{ACEEEE77-892F-0B33-303B-AAA2B15EBD2B}.Debug|Any CPU.ActiveCfg = Debug|Any CPU
		{ACEEEE77-892F-0B33-303B-AAA2B15EBD2B}.Debug|Any CPU.Build.0 = Debug|Any CPU
		{ACEEEE77-892F-0B33-303B-AAA2B15EBD2B}.Release|Any CPU.ActiveCfg = Release|Any CPU
		{ACEEEE77-892F-0B33-303B-AAA2B15EBD2B}.Release|Any CPU.Build.0 = Release|Any CPU
		{834EB41C-F08F-3C86-5DFA-B210ED4781DF}.Debug|Any CPU.ActiveCfg = Debug|Any CPU
		{834EB41C-F08F-3C86-5DFA-B210ED4781DF}.Debug|Any CPU.Build.0 = Debug|Any CPU
		{834EB41C-F08F-3C86-5DFA-B210ED4781DF}.Release|Any CPU.ActiveCfg = Release|Any CPU
		{834EB41C-F08F-3C86-5DFA-B210ED4781DF}.Release|Any CPU.Build.0 = Release|Any CPU
		{E524AA82-1954-E747-5784-9D9BED839A31}.Debug|Any CPU.ActiveCfg = Debug|Any CPU
		{E524AA82-1954-E747-5784-9D9BED839A31}.Debug|Any CPU.Build.0 = Debug|Any CPU
		{E524AA82-1954-E747-5784-9D9BED839A31}.Release|Any CPU.ActiveCfg = Release|Any CPU
		{E524AA82-1954-E747-5784-9D9BED839A31}.Release|Any CPU.Build.0 = Release|Any CPU
	EndGlobalSection
	GlobalSection(SolutionProperties) = preSolution
		HideSolutionNode = FALSE
	EndGlobalSection
EndGlobal
